// !$*UTF8*$!
{
	archiveVersion = 1;
	classes = {
	};
	objectVersion = 46;
	objects = {

/* Begin PBXBuildFile section */
		9A3248931CA8F78B00A1022C /* Topics.m in Sources */ = {isa = PBXBuildFile; fileRef = 9A3248921CA8F78B00A1022C /* Topics.m */; };
		9A5562351C9F9925001FDE38 /* NewViewController.m in Sources */ = {isa = PBXBuildFile; fileRef = 9A5562331C9F9925001FDE38 /* NewViewController.m */; };
		9A5562361C9F9925001FDE38 /* NewViewController.xib in Resources */ = {isa = PBXBuildFile; fileRef = 9A5562341C9F9925001FDE38 /* NewViewController.xib */; };
		9A591FE31CAA580400C75DE1 /* People.plist in Resources */ = {isa = PBXBuildFile; fileRef = 9A591FE21CAA580400C75DE1 /* People.plist */; };
		9A591FE51CAA582700C75DE1 /* People.json in Resources */ = {isa = PBXBuildFile; fileRef = 9A591FE41CAA582700C75DE1 /* People.json */; };
		9ACB2D8C1C9143A40080BF67 /* main.m in Sources */ = {isa = PBXBuildFile; fileRef = 9ACB2D8B1C9143A40080BF67 /* main.m */; };
		9ACB2D8F1C9143A40080BF67 /* AppDelegate.m in Sources */ = {isa = PBXBuildFile; fileRef = 9ACB2D8E1C9143A40080BF67 /* AppDelegate.m */; };
		9ACB2D921C9143A40080BF67 /* ViewController.m in Sources */ = {isa = PBXBuildFile; fileRef = 9ACB2D911C9143A40080BF67 /* ViewController.m */; };
		9ACB2D951C9143A40080BF67 /* Main.storyboard in Resources */ = {isa = PBXBuildFile; fileRef = 9ACB2D931C9143A40080BF67 /* Main.storyboard */; };
		9ACB2D971C9143A40080BF67 /* Assets.xcassets in Resources */ = {isa = PBXBuildFile; fileRef = 9ACB2D961C9143A40080BF67 /* Assets.xcassets */; };
		9ACB2D9A1C9143A40080BF67 /* LaunchScreen.storyboard in Resources */ = {isa = PBXBuildFile; fileRef = 9ACB2D981C9143A40080BF67 /* LaunchScreen.storyboard */; };
		9ACB2DA51C9143A40080BF67 /* FirstAppUITests.m in Sources */ = {isa = PBXBuildFile; fileRef = 9ACB2DA41C9143A40080BF67 /* FirstAppUITests.m */; };
/* End PBXBuildFile section */

/* Begin PBXContainerItemProxy section */
		9ACB2DA11C9143A40080BF67 /* PBXContainerItemProxy */ = {
			isa = PBXContainerItemProxy;
			containerPortal = 9ACB2D7F1C9143A40080BF67 /* Project object */;
			proxyType = 1;
			remoteGlobalIDString = 9ACB2D861C9143A40080BF67;
			remoteInfo = FirstApp;
		};
/* End PBXContainerItemProxy section */

/* Begin PBXFileReference section */
		9A3248911CA8F78B00A1022C /* Topics.h */ = {isa = PBXFileReference; fileEncoding = 4; lastKnownFileType = sourcecode.c.h; path = Topics.h; sourceTree = "<group>"; };
		9A3248921CA8F78B00A1022C /* Topics.m */ = {isa = PBXFileReference; fileEncoding = 4; lastKnownFileType = sourcecode.c.objc; path = Topics.m; sourceTree = "<group>"; };
		9A5562321C9F9925001FDE38 /* NewViewController.h */ = {isa = PBXFileReference; fileEncoding = 4; lastKnownFileType = sourcecode.c.h; path = NewViewController.h; sourceTree = "<group>"; };
		9A5562331C9F9925001FDE38 /* NewViewController.m */ = {isa = PBXFileReference; fileEncoding = 4; lastKnownFileType = sourcecode.c.objc; path = NewViewController.m; sourceTree = "<group>"; };
		9A5562341C9F9925001FDE38 /* NewViewController.xib */ = {isa = PBXFileReference; fileEncoding = 4; lastKnownFileType = file.xib; path = NewViewController.xib; sourceTree = "<group>"; };
		9A591FE21CAA580400C75DE1 /* People.plist */ = {isa = PBXFileReference; fileEncoding = 4; lastKnownFileType = text.plist.xml; path = People.plist; sourceTree = "<group>"; };
		9A591FE41CAA582700C75DE1 /* People.json */ = {isa = PBXFileReference; fileEncoding = 4; lastKnownFileType = text.json; path = People.json; sourceTree = "<group>"; };
		9ACB2D871C9143A40080BF67 /* FirstApp.app */ = {isa = PBXFileReference; explicitFileType = wrapper.application; includeInIndex = 0; path = FirstApp.app; sourceTree = BUILT_PRODUCTS_DIR; };
		9ACB2D8B1C9143A40080BF67 /* main.m */ = {isa = PBXFileReference; lastKnownFileType = sourcecode.c.objc; path = main.m; sourceTree = "<group>"; };
		9ACB2D8D1C9143A40080BF67 /* AppDelegate.h */ = {isa = PBXFileReference; lastKnownFileType = sourcecode.c.h; path = AppDelegate.h; sourceTree = "<group>"; };
		9ACB2D8E1C9143A40080BF67 /* AppDelegate.m */ = {isa = PBXFileReference; lastKnownFileType = sourcecode.c.objc; path = AppDelegate.m; sourceTree = "<group>"; };
		9ACB2D901C9143A40080BF67 /* ViewController.h */ = {isa = PBXFileReference; lastKnownFileType = sourcecode.c.h; path = ViewController.h; sourceTree = "<group>"; };
		9ACB2D911C9143A40080BF67 /* ViewController.m */ = {isa = PBXFileReference; lastKnownFileType = sourcecode.c.objc; path = ViewController.m; sourceTree = "<group>"; };
		9ACB2D941C9143A40080BF67 /* Base */ = {isa = PBXFileReference; lastKnownFileType = file.storyboard; name = Base; path = Base.lproj/Main.storyboard; sourceTree = "<group>"; };
		9ACB2D961C9143A40080BF67 /* Assets.xcassets */ = {isa = PBXFileReference; lastKnownFileType = folder.assetcatalog; path = Assets.xcassets; sourceTree = "<group>"; };
		9ACB2D991C9143A40080BF67 /* Base */ = {isa = PBXFileReference; lastKnownFileType = file.storyboard; name = Base; path = Base.lproj/LaunchScreen.storyboard; sourceTree = "<group>"; };
		9ACB2D9B1C9143A40080BF67 /* Info.plist */ = {isa = PBXFileReference; lastKnownFileType = text.plist.xml; path = Info.plist; sourceTree = "<group>"; };
		9ACB2DA01C9143A40080BF67 /* FirstAppUITests.xctest */ = {isa = PBXFileReference; explicitFileType = wrapper.cfbundle; includeInIndex = 0; path = FirstAppUITests.xctest; sourceTree = BUILT_PRODUCTS_DIR; };
		9ACB2DA41C9143A40080BF67 /* FirstAppUITests.m */ = {isa = PBXFileReference; lastKnownFileType = sourcecode.c.objc; path = FirstAppUITests.m; sourceTree = "<group>"; };
		9ACB2DA61C9143A40080BF67 /* Info.plist */ = {isa = PBXFileReference; lastKnownFileType = text.plist.xml; path = Info.plist; sourceTree = "<group>"; };
/* End PBXFileReference section */

/* Begin PBXFrameworksBuildPhase section */
		9ACB2D841C9143A40080BF67 /* Frameworks */ = {
			isa = PBXFrameworksBuildPhase;
			buildActionMask = 2147483647;
			files = (
			);
			runOnlyForDeploymentPostprocessing = 0;
		};
		9ACB2D9D1C9143A40080BF67 /* Frameworks */ = {
			isa = PBXFrameworksBuildPhase;
			buildActionMask = 2147483647;
			files = (
			);
			runOnlyForDeploymentPostprocessing = 0;
		};
/* End PBXFrameworksBuildPhase section */

/* Begin PBXGroup section */
		9ACB2D7E1C9143A40080BF67 = {
			isa = PBXGroup;
			children = (
				9ACB2D891C9143A40080BF67 /* FirstApp */,
				9ACB2DA31C9143A40080BF67 /* FirstAppUITests */,
				9ACB2D881C9143A40080BF67 /* Products */,
			);
			sourceTree = "<group>";
		};
		9ACB2D881C9143A40080BF67 /* Products */ = {
			isa = PBXGroup;
			children = (
				9ACB2D871C9143A40080BF67 /* FirstApp.app */,
				9ACB2DA01C9143A40080BF67 /* FirstAppUITests.xctest */,
			);
			name = Products;
			sourceTree = "<group>";
		};
		9ACB2D891C9143A40080BF67 /* FirstApp */ = {
			isa = PBXGroup;
			children = (
				9ACB2D8D1C9143A40080BF67 /* AppDelegate.h */,
				9ACB2D8E1C9143A40080BF67 /* AppDelegate.m */,
				9ACB2D901C9143A40080BF67 /* ViewController.h */,
				9ACB2D911C9143A40080BF67 /* ViewController.m */,
				9A591FE41CAA582700C75DE1 /* People.json */,
				9A591FE21CAA580400C75DE1 /* People.plist */,
				9A3248911CA8F78B00A1022C /* Topics.h */,
				9A3248921CA8F78B00A1022C /* Topics.m */,
				9A5562321C9F9925001FDE38 /* NewViewController.h */,
				9A5562331C9F9925001FDE38 /* NewViewController.m */,
				9A5562341C9F9925001FDE38 /* NewViewController.xib */,
				9ACB2D931C9143A40080BF67 /* Main.storyboard */,
				9ACB2D961C9143A40080BF67 /* Assets.xcassets */,
				9ACB2D981C9143A40080BF67 /* LaunchScreen.storyboard */,
				9ACB2D9B1C9143A40080BF67 /* Info.plist */,
				9ACB2D8A1C9143A40080BF67 /* Supporting Files */,
			);
			path = FirstApp;
			sourceTree = "<group>";
		};
		9ACB2D8A1C9143A40080BF67 /* Supporting Files */ = {
			isa = PBXGroup;
			children = (
				9ACB2D8B1C9143A40080BF67 /* main.m */,
			);
			name = "Supporting Files";
			sourceTree = "<group>";
		};
		9ACB2DA31C9143A40080BF67 /* FirstAppUITests */ = {
			isa = PBXGroup;
			children = (
				9ACB2DA41C9143A40080BF67 /* FirstAppUITests.m */,
				9ACB2DA61C9143A40080BF67 /* Info.plist */,
			);
			path = FirstAppUITests;
			sourceTree = "<group>";
		};
/* End PBXGroup section */

/* Begin PBXNativeTarget section */
		9ACB2D861C9143A40080BF67 /* FirstApp */ = {
			isa = PBXNativeTarget;
			buildConfigurationList = 9ACB2DA91C9143A40080BF67 /* Build configuration list for PBXNativeTarget "FirstApp" */;
			buildPhases = (
				9ACB2D831C9143A40080BF67 /* Sources */,
				9ACB2D841C9143A40080BF67 /* Frameworks */,
				9ACB2D851C9143A40080BF67 /* Resources */,
			);
			buildRules = (
			);
			dependencies = (
			);
			name = FirstApp;
			productName = FirstApp;
			productReference = 9ACB2D871C9143A40080BF67 /* FirstApp.app */;
			productType = "com.apple.product-type.application";
		};
		9ACB2D9F1C9143A40080BF67 /* FirstAppUITests */ = {
			isa = PBXNativeTarget;
			buildConfigurationList = 9ACB2DAC1C9143A40080BF67 /* Build configuration list for PBXNativeTarget "FirstAppUITests" */;
			buildPhases = (
				9ACB2D9C1C9143A40080BF67 /* Sources */,
				9ACB2D9D1C9143A40080BF67 /* Frameworks */,
				9ACB2D9E1C9143A40080BF67 /* Resources */,
			);
			buildRules = (
			);
			dependencies = (
				9ACB2DA21C9143A40080BF67 /* PBXTargetDependency */,
			);
			name = FirstAppUITests;
			productName = FirstAppUITests;
			productReference = 9ACB2DA01C9143A40080BF67 /* FirstAppUITests.xctest */;
			productType = "com.apple.product-type.bundle.ui-testing";
		};
/* End PBXNativeTarget section */

/* Begin PBXProject section */
		9ACB2D7F1C9143A40080BF67 /* Project object */ = {
			isa = PBXProject;
			attributes = {
				LastUpgradeCheck = 0720;
				ORGANIZATIONNAME = fission;
				TargetAttributes = {
					9ACB2D861C9143A40080BF67 = {
						CreatedOnToolsVersion = 7.2;
					};
					9ACB2D9F1C9143A40080BF67 = {
						CreatedOnToolsVersion = 7.2;
						TestTargetID = 9ACB2D861C9143A40080BF67;
					};
				};
			};
			buildConfigurationList = 9ACB2D821C9143A40080BF67 /* Build configuration list for PBXProject "FirstApp" */;
			compatibilityVersion = "Xcode 3.2";
			developmentRegion = English;
			hasScannedForEncodings = 0;
			knownRegions = (
				en,
				Base,
			);
			mainGroup = 9ACB2D7E1C9143A40080BF67;
			productRefGroup = 9ACB2D881C9143A40080BF67 /* Products */;
			projectDirPath = "";
			projectRoot = "";
			targets = (
				9ACB2D861C9143A40080BF67 /* FirstApp */,
				9ACB2D9F1C9143A40080BF67 /* FirstAppUITests */,
			);
		};
/* End PBXProject section */

/* Begin PBXResourcesBuildPhase section */
		9ACB2D851C9143A40080BF67 /* Resources */ = {
			isa = PBXResourcesBuildPhase;
			buildActionMask = 2147483647;
			files = (
				9A591FE31CAA580400C75DE1 /* People.plist in Resources */,
				9ACB2D9A1C9143A40080BF67 /* LaunchScreen.storyboard in Resources */,
				9A591FE51CAA582700C75DE1 /* People.json in Resources */,
				9ACB2D971C9143A40080BF67 /* Assets.xcassets in Resources */,
				9ACB2D951C9143A40080BF67 /* Main.storyboard in Resources */,
				9A5562361C9F9925001FDE38 /* NewViewController.xib in Resources */,
			);
			runOnlyForDeploymentPostprocessing = 0;
		};
		9ACB2D9E1C9143A40080BF67 /* Resources */ = {
			isa = PBXResourcesBuildPhase;
			buildActionMask = 2147483647;
			files = (
			);
			runOnlyForDeploymentPostprocessing = 0;
		};
/* End PBXResourcesBuildPhase section */

/* Begin PBXSourcesBuildPhase section */
		9ACB2D831C9143A40080BF67 /* Sources */ = {
			isa = PBXSourcesBuildPhase;
			buildActionMask = 2147483647;
			files = (
				9A3248931CA8F78B00A1022C /* Topics.m in Sources */,
				9ACB2D921C9143A40080BF67 /* ViewController.m in Sources */,
				9A5562351C9F9925001FDE38 /* NewViewController.m in Sources */,
				9ACB2D8F1C9143A40080BF67 /* AppDelegate.m in Sources */,
				9ACB2D8C1C9143A40080BF67 /* main.m in Sources */,
			);
			runOnlyForDeploymentPostprocessing = 0;
		};
		9ACB2D9C1C9143A40080BF67 /* Sources */ = {
			isa = PBXSourcesBuildPhase;
			buildActionMask = 2147483647;
			files = (
				9ACB2DA51C9143A40080BF67 /* FirstAppUITests.m in Sources */,
			);
			runOnlyForDeploymentPostprocessing = 0;
		};
/* End PBXSourcesBuildPhase section */

/* Begin PBXTargetDependency section */
		9ACB2DA21C9143A40080BF67 /* PBXTargetDependency */ = {
			isa = PBXTargetDependency;
			target = 9ACB2D861C9143A40080BF67 /* FirstApp */;
			targetProxy = 9ACB2DA11C9143A40080BF67 /* PBXContainerItemProxy */;
		};
/* End PBXTargetDependency section */

/* Begin PBXVariantGroup section */
		9ACB2D931C9143A40080BF67 /* Main.storyboard */ = {
			isa = PBXVariantGroup;
			children = (
				9ACB2D941C9143A40080BF67 /* Base */,
			);
			name = Main.storyboard;
			sourceTree = "<group>";
		};
		9ACB2D981C9143A40080BF67 /* LaunchScreen.storyboard */ = {
			isa = PBXVariantGroup;
			children = (
				9ACB2D991C9143A40080BF67 /* Base */,
			);
			name = LaunchScreen.storyboard;
			sourceTree = "<group>";
		};
/* End PBXVariantGroup section */

/* Begin XCBuildConfiguration section */
		9ACB2DA71C9143A40080BF67 /* Debug */ = {
			isa = XCBuildConfiguration;
			buildSettings = {
				ALWAYS_SEARCH_USER_PATHS = NO;
				CLANG_CXX_LANGUAGE_STANDARD = "gnu++0x";
				CLANG_CXX_LIBRARY = "libc++";
				CLANG_ENABLE_MODULES = YES;
				CLANG_ENABLE_OBJC_ARC = YES;
				CLANG_WARN_BOOL_CONVERSION = YES;
				CLANG_WARN_CONSTANT_CONVERSION = YES;
				CLANG_WARN_DIRECT_OBJC_ISA_USAGE = YES_ERROR;
				CLANG_WARN_EMPTY_BODY = YES;
				CLANG_WARN_ENUM_CONVERSION = YES;
				CLANG_WARN_INT_CONVERSION = YES;
				CLANG_WARN_OBJC_ROOT_CLASS = YES_ERROR;
				CLANG_WARN_UNREACHABLE_CODE = YES;
				CLANG_WARN__DUPLICATE_METHOD_MATCH = YES;
				"CODE_SIGN_IDENTITY[sdk=iphoneos*]" = "iPhone Developer";
				COPY_PHASE_STRIP = NO;
				DEBUG_INFORMATION_FORMAT = dwarf;
				ENABLE_STRICT_OBJC_MSGSEND = YES;
				ENABLE_TESTABILITY = YES;
				GCC_C_LANGUAGE_STANDARD = gnu99;
				GCC_DYNAMIC_NO_PIC = NO;
				GCC_NO_COMMON_BLOCKS = YES;
				GCC_OPTIMIZATION_LEVEL = 0;
				GCC_PREPROCESSOR_DEFINITIONS = (
					"DEBUG=1",
					"$(inherited)",
				);
				GCC_WARN_64_TO_32_BIT_CONVERSION = YES;
				GCC_WARN_ABOUT_RETURN_TYPE = YES_ERROR;
				GCC_WARN_UNDECLARED_SELECTOR = YES;
				GCC_WARN_UNINITIALIZED_AUTOS = YES_AGGRESSIVE;
				GCC_WARN_UNUSED_FUNCTION = YES;
				GCC_WARN_UNUSED_VARIABLE = YES;
				IPHONEOS_DEPLOYMENT_TARGET = 9.2;
				MTL_ENABLE_DEBUG_INFO = YES;
				ONLY_ACTIVE_ARCH = YES;
				SDKROOT = iphoneos;
			};
			name = Debug;
		};
		9ACB2DA81C9143A40080BF67 /* Release */ = {
			isa = XCBuildConfiguration;
			buildSettings = {
				ALWAYS_SEARCH_USER_PATHS = NO;
				CLANG_CXX_LANGUAGE_STANDARD = "gnu++0x";
				CLANG_CXX_LIBRARY = "libc++";
				CLANG_ENABLE_MODULES = YES;
				CLANG_ENABLE_OBJC_ARC = YES;
				CLANG_WARN_BOOL_CONVERSION = YES;
				CLANG_WARN_CONSTANT_CONVERSION = YES;
				CLANG_WARN_DIRECT_OBJC_ISA_USAGE = YES_ERROR;
				CLANG_WARN_EMPTY_BODY = YES;
				CLANG_WARN_ENUM_CONVERSION = YES;
				CLANG_WARN_INT_CONVERSION = YES;
				CLANG_WARN_OBJC_ROOT_CLASS = YES_ERROR;
				CLANG_WARN_UNREACHABLE_CODE = YES;
				CLANG_WARN__DUPLICATE_METHOD_MATCH = YES;
				"CODE_SIGN_IDENTITY[sdk=iphoneos*]" = "iPhone Developer";
				COPY_PHASE_STRIP = NO;
				DEBUG_INFORMATION_FORMAT = "dwarf-with-dsym";
				ENABLE_NS_ASSERTIONS = NO;
				ENABLE_STRICT_OBJC_MSGSEND = YES;
				GCC_C_LANGUAGE_STANDARD = gnu99;
				GCC_NO_COMMON_BLOCKS = YES;
				GCC_WARN_64_TO_32_BIT_CONVERSION = YES;
				GCC_WARN_ABOUT_RETURN_TYPE = YES_ERROR;
				GCC_WARN_UNDECLARED_SELECTOR = YES;
				GCC_WARN_UNINITIALIZED_AUTOS = YES_AGGRESSIVE;
				GCC_WARN_UNUSED_FUNCTION = YES;
				GCC_WARN_UNUSED_VARIABLE = YES;
				IPHONEOS_DEPLOYMENT_TARGET = 9.2;
				MTL_ENABLE_DEBUG_INFO = NO;
				SDKROOT = iphoneos;
				VALIDATE_PRODUCT = YES;
			};
			name = Release;
		};
		9ACB2DAA1C9143A40080BF67 /* Debug */ = {
			isa = XCBuildConfiguration;
			buildSettings = {
				ASSETCATALOG_COMPILER_APPICON_NAME = AppIcon;
				INFOPLIST_FILE = FirstApp/Info.plist;
				LD_RUNPATH_SEARCH_PATHS = "$(inherited) @executable_path/Frameworks";
				PRODUCT_BUNDLE_IDENTIFIER = com.Hemanth.FirstApp;
				PRODUCT_NAME = "$(TARGET_NAME)";
			};
			name = Debug;
		};
		9ACB2DAB1C9143A40080BF67 /* Release */ = {
			isa = XCBuildConfiguration;
			buildSettings = {
				ASSETCATALOG_COMPILER_APPICON_NAME = AppIcon;
				INFOPLIST_FILE = FirstApp/Info.plist;
				LD_RUNPATH_SEARCH_PATHS = "$(inherited) @executable_path/Frameworks";
				PRODUCT_BUNDLE_IDENTIFIER = com.Hemanth.FirstApp;
				PRODUCT_NAME = "$(TARGET_NAME)";
			};
			name = Release;
		};
		9ACB2DAD1C9143A40080BF67 /* Debug */ = {
			isa = XCBuildConfiguration;
			buildSettings = {
				INFOPLIST_FILE = FirstAppUITests/Info.plist;
				LD_RUNPATH_SEARCH_PATHS = "$(inherited) @executable_path/Frameworks @loader_path/Frameworks";
				PRODUCT_BUNDLE_IDENTIFIER = com.Hemanth.FirstAppUITests;
				PRODUCT_NAME = "$(TARGET_NAME)";
				TEST_TARGET_NAME = FirstApp;
				USES_XCTRUNNER = YES;
			};
			name = Debug;
		};
		9ACB2DAE1C9143A40080BF67 /* Release */ = {
			isa = XCBuildConfiguration;
			buildSettings = {
				INFOPLIST_FILE = FirstAppUITests/Info.plist;
				LD_RUNPATH_SEARCH_PATHS = "$(inherited) @executable_path/Frameworks @loader_path/Frameworks";
				PRODUCT_BUNDLE_IDENTIFIER = com.Hemanth.FirstAppUITests;
				PRODUCT_NAME = "$(TARGET_NAME)";
				TEST_TARGET_NAME = FirstApp;
				USES_XCTRUNNER = YES;
			};
			name = Release;
		};
/* End XCBuildConfiguration section */

/* Begin XCConfigurationList section */
		9ACB2D821C9143A40080BF67 /* Build configuration list for PBXProject "FirstApp" */ = {
			isa = XCConfigurationList;
			buildConfigurations = (
				9ACB2DA71C9143A40080BF67 /* Debug */,
				9ACB2DA81C9143A40080BF67 /* Release */,
			);
			defaultConfigurationIsVisible = 0;
			defaultConfigurationName = Release;
		};
		9ACB2DA91C9143A40080BF67 /* Build configuration list for PBXNativeTarget "FirstApp" */ = {
			isa = XCConfigurationList;
			buildConfigurations = (
				9ACB2DAA1C9143A40080BF67 /* Debug */,
				9ACB2DAB1C9143A40080BF67 /* Release */,
			);
			defaultConfigurationIsVisible = 0;
			defaultConfigurationName = Release;
		};
		9ACB2DAC1C9143A40080BF67 /* Build configuration list for PBXNativeTarget "FirstAppUITests" */ = {
			isa = XCConfigurationList;
			buildConfigurations = (
				9ACB2DAD1C9143A40080BF67 /* Debug */,
				9ACB2DAE1C9143A40080BF67 /* Release */,
			);
			defaultConfigurationIsVisible = 0;
			defaultConfigurationName = Release;
		};
/* End XCConfigurationList section */
	};
	rootObject = 9ACB2D7F1C9143A40080BF67 /* Project object */;
}
